// !$*UTF8*$!
{
	archiveVersion = 1;
	classes = {
	};
	objectVersion = 56;
	objects = {

/* Begin PBXBuildFile section */
		43AAFB5FACB3073C78B1614F /* Pods_Sharmin.framework in Frameworks */ = {isa = PBXBuildFile; fileRef = 7FD9F77B59E060F6C03F6034 /* Pods_Sharmin.framework */; };
		D944BBA42926549100B11EFC /* UIView+Extension.swift in Sources */ = {isa = PBXBuildFile; fileRef = D944BBA32926549100B11EFC /* UIView+Extension.swift */; };
		D95E278C292418050055A627 /* AppDelegate.swift in Sources */ = {isa = PBXBuildFile; fileRef = D95E278B292418050055A627 /* AppDelegate.swift */; };
		D95E2795292418060055A627 /* Assets.xcassets in Resources */ = {isa = PBXBuildFile; fileRef = D95E2794292418060055A627 /* Assets.xcassets */; };
		D95E2798292418060055A627 /* LaunchScreen.storyboard in Resources */ = {isa = PBXBuildFile; fileRef = D95E2796292418060055A627 /* LaunchScreen.storyboard */; };
		D95E27AA292424780055A627 /* UsersListViewController.xib in Resources */ = {isa = PBXBuildFile; fileRef = D95E27A9292424780055A627 /* UsersListViewController.xib */; };
		D95E27AC292424840055A627 /* UsersListViewController.swift in Sources */ = {isa = PBXBuildFile; fileRef = D95E27AB292424840055A627 /* UsersListViewController.swift */; };
		D95E27B5292428F20055A627 /* Localizable.strings in Resources */ = {isa = PBXBuildFile; fileRef = D95E27AF292428F10055A627 /* Localizable.strings */; };
		D95E27B6292428F20055A627 /* KeysForTranslate.swift in Sources */ = {isa = PBXBuildFile; fileRef = D95E27B1292428F10055A627 /* KeysForTranslate.swift */; };
		D95E27B7292428F20055A627 /* Localizable.swift in Sources */ = {isa = PBXBuildFile; fileRef = D95E27B4292428F10055A627 /* Localizable.swift */; };
		D95E27E429242C380055A627 /* String+Extension.swift in Sources */ = {isa = PBXBuildFile; fileRef = D95E27C829242C380055A627 /* String+Extension.swift */; };
		D95E27F529242CA00055A627 /* Constants.swift in Sources */ = {isa = PBXBuildFile; fileRef = D95E27F429242CA00055A627 /* Constants.swift */; };
		D95E27FA29242FE70055A627 /* BaseViewController.swift in Sources */ = {isa = PBXBuildFile; fileRef = D95E27F729242FE70055A627 /* BaseViewController.swift */; };
		D95E28252924E63E0055A627 /* NetworkManager.swift in Sources */ = {isa = PBXBuildFile; fileRef = D95E28042924E63D0055A627 /* NetworkManager.swift */; };
		D95E282C2924E63E0055A627 /* APIError.swift in Sources */ = {isa = PBXBuildFile; fileRef = D95E280D2924E63D0055A627 /* APIError.swift */; };
		D95E282D2924E63E0055A627 /* Api.swift in Sources */ = {isa = PBXBuildFile; fileRef = D95E280E2924E63D0055A627 /* Api.swift */; };
		D95E282E2924E63E0055A627 /* NetworkRouter.swift in Sources */ = {isa = PBXBuildFile; fileRef = D95E28102924E63D0055A627 /* NetworkRouter.swift */; };
		D95E282F2924E63E0055A627 /* HTTPTask.swift in Sources */ = {isa = PBXBuildFile; fileRef = D95E28112924E63D0055A627 /* HTTPTask.swift */; };
		D95E28302924E63E0055A627 /* HTTPMethod.swift in Sources */ = {isa = PBXBuildFile; fileRef = D95E28122924E63D0055A627 /* HTTPMethod.swift */; };
		D95E28312924E63E0055A627 /* EndPointType.swift in Sources */ = {isa = PBXBuildFile; fileRef = D95E28132924E63D0055A627 /* EndPointType.swift */; };
		D95E28342924E63E0055A627 /* AppNavigationRouter.swift in Sources */ = {isa = PBXBuildFile; fileRef = D95E28172924E63D0055A627 /* AppNavigationRouter.swift */; };
		D95E28352924E63E0055A627 /* NavigationManager.swift in Sources */ = {isa = PBXBuildFile; fileRef = D95E28182924E63D0055A627 /* NavigationManager.swift */; };
		D95E28362924E63E0055A627 /* PushTransition.swift in Sources */ = {isa = PBXBuildFile; fileRef = D95E28192924E63D0055A627 /* PushTransition.swift */; };
		D95E28402924E8E00055A627 /* StoreManager.swift in Sources */ = {isa = PBXBuildFile; fileRef = D95E283E2924E8E00055A627 /* StoreManager.swift */; };
		D95E28482924EB810055A627 /* ParameterEncoding.swift in Sources */ = {isa = PBXBuildFile; fileRef = D95E28422924EB810055A627 /* ParameterEncoding.swift */; };
		D95E284A2924EB810055A627 /* URLParameterEncoding.swift in Sources */ = {isa = PBXBuildFile; fileRef = D95E28442924EB810055A627 /* URLParameterEncoding.swift */; };
		D95E284D2924EB810055A627 /* JSONParameterEncoder.swift in Sources */ = {isa = PBXBuildFile; fileRef = D95E28472924EB810055A627 /* JSONParameterEncoder.swift */; };
		D95E28602924ED250055A627 /* Animator.swift in Sources */ = {isa = PBXBuildFile; fileRef = D95E28552924ED250055A627 /* Animator.swift */; };
		D95E28642924ED250055A627 /* Transition.swift in Sources */ = {isa = PBXBuildFile; fileRef = D95E28592924ED250055A627 /* Transition.swift */; };
		D95E28662924ED6B0055A627 /* Closable.swift in Sources */ = {isa = PBXBuildFile; fileRef = D95E28652924ED6B0055A627 /* Closable.swift */; };
		D95E28682924EDC50055A627 /* UINavigationController+Extension.swift in Sources */ = {isa = PBXBuildFile; fileRef = D95E28672924EDC50055A627 /* UINavigationController+Extension.swift */; };
		D95E286A292516920055A627 /* User.swift in Sources */ = {isa = PBXBuildFile; fileRef = D95E2869292516920055A627 /* User.swift */; };
		D95E2870292517620055A627 /* Post.swift in Sources */ = {isa = PBXBuildFile; fileRef = D95E286F292517620055A627 /* Post.swift */; };
		D95E2874292518390055A627 /* UsersListModule.swift in Sources */ = {isa = PBXBuildFile; fileRef = D95E2873292518390055A627 /* UsersListModule.swift */; };
		D95E2876292518420055A627 /* UsersListRouter.swift in Sources */ = {isa = PBXBuildFile; fileRef = D95E2875292518420055A627 /* UsersListRouter.swift */; };
		D95E287A292518E10055A627 /* UserPostsModule.swift in Sources */ = {isa = PBXBuildFile; fileRef = D95E2879292518E10055A627 /* UserPostsModule.swift */; };
		D95E287C292519080055A627 /* UserPostsRouter.swift in Sources */ = {isa = PBXBuildFile; fileRef = D95E287B292519080055A627 /* UserPostsRouter.swift */; };
		D95E287F292519820055A627 /* UserPostsViewController.swift in Sources */ = {isa = PBXBuildFile; fileRef = D95E287D292519820055A627 /* UserPostsViewController.swift */; };
		D95E2880292519820055A627 /* UserPostsViewController.xib in Resources */ = {isa = PBXBuildFile; fileRef = D95E287E292519820055A627 /* UserPostsViewController.xib */; };
		D95E28822925199D0055A627 /* UserPostsViewModel.swift in Sources */ = {isa = PBXBuildFile; fileRef = D95E28812925199D0055A627 /* UserPostsViewModel.swift */; };
		D95E288429251A9D0055A627 /* UsersListViewModel.swift in Sources */ = {isa = PBXBuildFile; fileRef = D95E288329251A9D0055A627 /* UsersListViewModel.swift */; };
		D95E288629251B140055A627 /* Downloading.swift in Sources */ = {isa = PBXBuildFile; fileRef = D95E288529251B140055A627 /* Downloading.swift */; };
		D95E288829258E6F0055A627 /* Reactive+Extension.swift in Sources */ = {isa = PBXBuildFile; fileRef = D95E288729258E6F0055A627 /* Reactive+Extension.swift */; };
		D95E288A29258E960055A627 /* UIViewController+Extension.swift in Sources */ = {isa = PBXBuildFile; fileRef = D95E288929258E960055A627 /* UIViewController+Extension.swift */; };
		D95E288D2925919D0055A627 /* UsersListCell.xib in Resources */ = {isa = PBXBuildFile; fileRef = D95E288B2925919D0055A627 /* UsersListCell.xib */; };
		D95E288E2925919D0055A627 /* UsersListCell.swift in Sources */ = {isa = PBXBuildFile; fileRef = D95E288C2925919D0055A627 /* UsersListCell.swift */; };
		D95E2890292594D10055A627 /* UITableViewCell+Extension.swift in Sources */ = {isa = PBXBuildFile; fileRef = D95E288F292594D10055A627 /* UITableViewCell+Extension.swift */; };
		D95E28922925A3450055A627 /* UIImageView+Extension.swift in Sources */ = {isa = PBXBuildFile; fileRef = D95E28912925A3450055A627 /* UIImageView+Extension.swift */; };
/* End PBXBuildFile section */

/* Begin PBXFileReference section */
		6EEC331BE56C675B28086F0F /* Pods-Sharmin.release.xcconfig */ = {isa = PBXFileReference; includeInIndex = 1; lastKnownFileType = text.xcconfig; name = "Pods-Sharmin.release.xcconfig"; path = "Target Support Files/Pods-Sharmin/Pods-Sharmin.release.xcconfig"; sourceTree = "<group>"; };
		7FD9F77B59E060F6C03F6034 /* Pods_Sharmin.framework */ = {isa = PBXFileReference; explicitFileType = wrapper.framework; includeInIndex = 0; path = Pods_Sharmin.framework; sourceTree = BUILT_PRODUCTS_DIR; };
		D7FD2FC76F3F316DF2DBDC71 /* Pods-Sharmin.debug.xcconfig */ = {isa = PBXFileReference; includeInIndex = 1; lastKnownFileType = text.xcconfig; name = "Pods-Sharmin.debug.xcconfig"; path = "Target Support Files/Pods-Sharmin/Pods-Sharmin.debug.xcconfig"; sourceTree = "<group>"; };
		D944BBA32926549100B11EFC /* UIView+Extension.swift */ = {isa = PBXFileReference; fileEncoding = 4; lastKnownFileType = sourcecode.swift; path = "UIView+Extension.swift"; sourceTree = "<group>"; };
		D95E2788292418050055A627 /* Sharmin.app */ = {isa = PBXFileReference; explicitFileType = wrapper.application; includeInIndex = 0; path = Sharmin.app; sourceTree = BUILT_PRODUCTS_DIR; };
		D95E278B292418050055A627 /* AppDelegate.swift */ = {isa = PBXFileReference; lastKnownFileType = sourcecode.swift; path = AppDelegate.swift; sourceTree = "<group>"; };
		D95E2794292418060055A627 /* Assets.xcassets */ = {isa = PBXFileReference; lastKnownFileType = folder.assetcatalog; path = Assets.xcassets; sourceTree = "<group>"; };
		D95E2797292418060055A627 /* Base */ = {isa = PBXFileReference; lastKnownFileType = file.storyboard; name = Base; path = Base.lproj/LaunchScreen.storyboard; sourceTree = "<group>"; };
		D95E2799292418060055A627 /* Info.plist */ = {isa = PBXFileReference; lastKnownFileType = text.plist.xml; path = Info.plist; sourceTree = "<group>"; };
		D95E27A9292424780055A627 /* UsersListViewController.xib */ = {isa = PBXFileReference; lastKnownFileType = file.xib; path = UsersListViewController.xib; sourceTree = "<group>"; };
		D95E27AB292424840055A627 /* UsersListViewController.swift */ = {isa = PBXFileReference; lastKnownFileType = sourcecode.swift; path = UsersListViewController.swift; sourceTree = "<group>"; };
		D95E27B0292428F10055A627 /* en */ = {isa = PBXFileReference; lastKnownFileType = text.plist.strings; name = en; path = en.lproj/Localizable.strings; sourceTree = "<group>"; };
		D95E27B1292428F10055A627 /* KeysForTranslate.swift */ = {isa = PBXFileReference; fileEncoding = 4; lastKnownFileType = sourcecode.swift; path = KeysForTranslate.swift; sourceTree = "<group>"; };
		D95E27B4292428F10055A627 /* Localizable.swift */ = {isa = PBXFileReference; fileEncoding = 4; lastKnownFileType = sourcecode.swift; path = Localizable.swift; sourceTree = "<group>"; };
		D95E27B8292429700055A627 /* ar */ = {isa = PBXFileReference; lastKnownFileType = text.plist.strings; name = ar; path = ar.lproj/LaunchScreen.strings; sourceTree = "<group>"; };
		D95E27B9292429700055A627 /* ar */ = {isa = PBXFileReference; lastKnownFileType = text.plist.strings; name = ar; path = ar.lproj/Localizable.strings; sourceTree = "<group>"; };
		D95E27C829242C380055A627 /* String+Extension.swift */ = {isa = PBXFileReference; fileEncoding = 4; lastKnownFileType = sourcecode.swift; path = "String+Extension.swift"; sourceTree = "<group>"; };
		D95E27F429242CA00055A627 /* Constants.swift */ = {isa = PBXFileReference; fileEncoding = 4; lastKnownFileType = sourcecode.swift; path = Constants.swift; sourceTree = "<group>"; };
		D95E27F729242FE70055A627 /* BaseViewController.swift */ = {isa = PBXFileReference; fileEncoding = 4; lastKnownFileType = sourcecode.swift; path = BaseViewController.swift; sourceTree = "<group>"; };
		D95E28042924E63D0055A627 /* NetworkManager.swift */ = {isa = PBXFileReference; fileEncoding = 4; lastKnownFileType = sourcecode.swift; path = NetworkManager.swift; sourceTree = "<group>"; };
		D95E280D2924E63D0055A627 /* APIError.swift */ = {isa = PBXFileReference; fileEncoding = 4; lastKnownFileType = sourcecode.swift; path = APIError.swift; sourceTree = "<group>"; };
		D95E280E2924E63D0055A627 /* Api.swift */ = {isa = PBXFileReference; fileEncoding = 4; lastKnownFileType = sourcecode.swift; path = Api.swift; sourceTree = "<group>"; };
		D95E28102924E63D0055A627 /* NetworkRouter.swift */ = {isa = PBXFileReference; fileEncoding = 4; lastKnownFileType = sourcecode.swift; path = NetworkRouter.swift; sourceTree = "<group>"; };
		D95E28112924E63D0055A627 /* HTTPTask.swift */ = {isa = PBXFileReference; fileEncoding = 4; lastKnownFileType = sourcecode.swift; path = HTTPTask.swift; sourceTree = "<group>"; };
		D95E28122924E63D0055A627 /* HTTPMethod.swift */ = {isa = PBXFileReference; fileEncoding = 4; lastKnownFileType = sourcecode.swift; path = HTTPMethod.swift; sourceTree = "<group>"; };
		D95E28132924E63D0055A627 /* EndPointType.swift */ = {isa = PBXFileReference; fileEncoding = 4; lastKnownFileType = sourcecode.swift; path = EndPointType.swift; sourceTree = "<group>"; };
		D95E28172924E63D0055A627 /* AppNavigationRouter.swift */ = {isa = PBXFileReference; fileEncoding = 4; lastKnownFileType = sourcecode.swift; path = AppNavigationRouter.swift; sourceTree = "<group>"; };
		D95E28182924E63D0055A627 /* NavigationManager.swift */ = {isa = PBXFileReference; fileEncoding = 4; lastKnownFileType = sourcecode.swift; path = NavigationManager.swift; sourceTree = "<group>"; };
		D95E28192924E63D0055A627 /* PushTransition.swift */ = {isa = PBXFileReference; fileEncoding = 4; lastKnownFileType = sourcecode.swift; path = PushTransition.swift; sourceTree = "<group>"; };
		D95E283E2924E8E00055A627 /* StoreManager.swift */ = {isa = PBXFileReference; fileEncoding = 4; lastKnownFileType = sourcecode.swift; path = StoreManager.swift; sourceTree = "<group>"; };
		D95E28422924EB810055A627 /* ParameterEncoding.swift */ = {isa = PBXFileReference; fileEncoding = 4; lastKnownFileType = sourcecode.swift; path = ParameterEncoding.swift; sourceTree = "<group>"; };
		D95E28442924EB810055A627 /* URLParameterEncoding.swift */ = {isa = PBXFileReference; fileEncoding = 4; lastKnownFileType = sourcecode.swift; path = URLParameterEncoding.swift; sourceTree = "<group>"; };
		D95E28472924EB810055A627 /* JSONParameterEncoder.swift */ = {isa = PBXFileReference; fileEncoding = 4; lastKnownFileType = sourcecode.swift; path = JSONParameterEncoder.swift; sourceTree = "<group>"; };
		D95E28552924ED250055A627 /* Animator.swift */ = {isa = PBXFileReference; fileEncoding = 4; lastKnownFileType = sourcecode.swift; path = Animator.swift; sourceTree = "<group>"; };
		D95E28592924ED250055A627 /* Transition.swift */ = {isa = PBXFileReference; fileEncoding = 4; lastKnownFileType = sourcecode.swift; path = Transition.swift; sourceTree = "<group>"; };
		D95E28652924ED6B0055A627 /* Closable.swift */ = {isa = PBXFileReference; fileEncoding = 4; lastKnownFileType = sourcecode.swift; path = Closable.swift; sourceTree = "<group>"; };
		D95E28672924EDC50055A627 /* UINavigationController+Extension.swift */ = {isa = PBXFileReference; fileEncoding = 4; lastKnownFileType = sourcecode.swift; path = "UINavigationController+Extension.swift"; sourceTree = "<group>"; };
		D95E2869292516920055A627 /* User.swift */ = {isa = PBXFileReference; lastKnownFileType = sourcecode.swift; path = User.swift; sourceTree = "<group>"; };
		D95E286F292517620055A627 /* Post.swift */ = {isa = PBXFileReference; lastKnownFileType = sourcecode.swift; path = Post.swift; sourceTree = "<group>"; };
		D95E2873292518390055A627 /* UsersListModule.swift */ = {isa = PBXFileReference; lastKnownFileType = sourcecode.swift; path = UsersListModule.swift; sourceTree = "<group>"; };
		D95E2875292518420055A627 /* UsersListRouter.swift */ = {isa = PBXFileReference; lastKnownFileType = sourcecode.swift; path = UsersListRouter.swift; sourceTree = "<group>"; };
		D95E2879292518E10055A627 /* UserPostsModule.swift */ = {isa = PBXFileReference; lastKnownFileType = sourcecode.swift; path = UserPostsModule.swift; sourceTree = "<group>"; };
		D95E287B292519080055A627 /* UserPostsRouter.swift */ = {isa = PBXFileReference; lastKnownFileType = sourcecode.swift; path = UserPostsRouter.swift; sourceTree = "<group>"; };
		D95E287D292519820055A627 /* UserPostsViewController.swift */ = {isa = PBXFileReference; lastKnownFileType = sourcecode.swift; path = UserPostsViewController.swift; sourceTree = "<group>"; };
		D95E287E292519820055A627 /* UserPostsViewController.xib */ = {isa = PBXFileReference; lastKnownFileType = file.xib; path = UserPostsViewController.xib; sourceTree = "<group>"; };
		D95E28812925199D0055A627 /* UserPostsViewModel.swift */ = {isa = PBXFileReference; lastKnownFileType = sourcecode.swift; path = UserPostsViewModel.swift; sourceTree = "<group>"; };
		D95E288329251A9D0055A627 /* UsersListViewModel.swift */ = {isa = PBXFileReference; lastKnownFileType = sourcecode.swift; path = UsersListViewModel.swift; sourceTree = "<group>"; };
		D95E288529251B140055A627 /* Downloading.swift */ = {isa = PBXFileReference; fileEncoding = 4; lastKnownFileType = sourcecode.swift; path = Downloading.swift; sourceTree = "<group>"; };
		D95E288729258E6F0055A627 /* Reactive+Extension.swift */ = {isa = PBXFileReference; fileEncoding = 4; lastKnownFileType = sourcecode.swift; path = "Reactive+Extension.swift"; sourceTree = "<group>"; };
		D95E288929258E960055A627 /* UIViewController+Extension.swift */ = {isa = PBXFileReference; fileEncoding = 4; lastKnownFileType = sourcecode.swift; path = "UIViewController+Extension.swift"; sourceTree = "<group>"; };
		D95E288B2925919D0055A627 /* UsersListCell.xib */ = {isa = PBXFileReference; fileEncoding = 4; lastKnownFileType = file.xib; path = UsersListCell.xib; sourceTree = "<group>"; };
		D95E288C2925919D0055A627 /* UsersListCell.swift */ = {isa = PBXFileReference; fileEncoding = 4; lastKnownFileType = sourcecode.swift; path = UsersListCell.swift; sourceTree = "<group>"; };
		D95E288F292594D10055A627 /* UITableViewCell+Extension.swift */ = {isa = PBXFileReference; fileEncoding = 4; lastKnownFileType = sourcecode.swift; path = "UITableViewCell+Extension.swift"; sourceTree = "<group>"; };
		D95E28912925A3450055A627 /* UIImageView+Extension.swift */ = {isa = PBXFileReference; fileEncoding = 4; lastKnownFileType = sourcecode.swift; path = "UIImageView+Extension.swift"; sourceTree = "<group>"; };
/* End PBXFileReference section */

/* Begin PBXFrameworksBuildPhase section */
		D95E2785292418050055A627 /* Frameworks */ = {
			isa = PBXFrameworksBuildPhase;
			buildActionMask = 2147483647;
			files = (
				43AAFB5FACB3073C78B1614F /* Pods_Sharmin.framework in Frameworks */,
			);
			runOnlyForDeploymentPostprocessing = 0;
		};
/* End PBXFrameworksBuildPhase section */

/* Begin PBXGroup section */
		37D67BBD20846C1C31804E6B /* Pods */ = {
			isa = PBXGroup;
			children = (
				D7FD2FC76F3F316DF2DBDC71 /* Pods-Sharmin.debug.xcconfig */,
				6EEC331BE56C675B28086F0F /* Pods-Sharmin.release.xcconfig */,
			);
			path = Pods;
			sourceTree = "<group>";
		};
		A9E8F010D0ECB63E8C23F1C2 /* Frameworks */ = {
			isa = PBXGroup;
			children = (
				7FD9F77B59E060F6C03F6034 /* Pods_Sharmin.framework */,
			);
			name = Frameworks;
			sourceTree = "<group>";
		};
		D95E277F292418050055A627 = {
			isa = PBXGroup;
			children = (
				D95E278A292418050055A627 /* Sharmin */,
				D95E2789292418050055A627 /* Products */,
				37D67BBD20846C1C31804E6B /* Pods */,
				A9E8F010D0ECB63E8C23F1C2 /* Frameworks */,
			);
			sourceTree = "<group>";
		};
		D95E2789292418050055A627 /* Products */ = {
			isa = PBXGroup;
			children = (
				D95E2788292418050055A627 /* Sharmin.app */,
			);
			name = Products;
			sourceTree = "<group>";
		};
		D95E278A292418050055A627 /* Sharmin */ = {
			isa = PBXGroup;
			children = (
				D95E27AD292428DF0055A627 /* Utilities */,
				D95E27A129241FEA0055A627 /* Modules */,
				D95E279F29241F810055A627 /* SupportingFiles */,
				D95E27A029241FD70055A627 /* Resources */,
			);
			path = Sharmin;
			sourceTree = "<group>";
		};
		D95E279F29241F810055A627 /* SupportingFiles */ = {
			isa = PBXGroup;
			children = (
				D95E278B292418050055A627 /* AppDelegate.swift */,
				D95E2799292418060055A627 /* Info.plist */,
			);
			path = SupportingFiles;
			sourceTree = "<group>";
		};
		D95E27A029241FD70055A627 /* Resources */ = {
			isa = PBXGroup;
			children = (
				D95E2794292418060055A627 /* Assets.xcassets */,
			);
			path = Resources;
			sourceTree = "<group>";
		};
		D95E27A129241FEA0055A627 /* Modules */ = {
			isa = PBXGroup;
			children = (
				D95E27A229241FFE0055A627 /* LaunchScreen */,
				D95E27A3292423B00055A627 /* UsersList */,
				D95E286B292517210055A627 /* UserPosts */,
			);
			path = Modules;
			sourceTree = "<group>";
		};
		D95E27A229241FFE0055A627 /* LaunchScreen */ = {
			isa = PBXGroup;
			children = (
				D95E2796292418060055A627 /* LaunchScreen.storyboard */,
			);
			path = LaunchScreen;
			sourceTree = "<group>";
		};
		D95E27A3292423B00055A627 /* UsersList */ = {
			isa = PBXGroup;
			children = (
				D95E27A4292423C10055A627 /* Model */,
				D95E27A5292423C90055A627 /* View */,
				D95E27A6292423CD0055A627 /* ViewModel */,
				D95E2871292518040055A627 /* Module */,
				D95E28722925180C0055A627 /* Router */,
			);
			path = UsersList;
			sourceTree = "<group>";
		};
		D95E27A4292423C10055A627 /* Model */ = {
			isa = PBXGroup;
			children = (
				D95E2869292516920055A627 /* User.swift */,
			);
			path = Model;
			sourceTree = "<group>";
		};
		D95E27A5292423C90055A627 /* View */ = {
			isa = PBXGroup;
			children = (
				D95E27A9292424780055A627 /* UsersListViewController.xib */,
				D95E27AB292424840055A627 /* UsersListViewController.swift */,
				D95E288C2925919D0055A627 /* UsersListCell.swift */,
				D95E288B2925919D0055A627 /* UsersListCell.xib */,
			);
			path = View;
			sourceTree = "<group>";
		};
		D95E27A6292423CD0055A627 /* ViewModel */ = {
			isa = PBXGroup;
			children = (
				D95E288329251A9D0055A627 /* UsersListViewModel.swift */,
			);
			path = ViewModel;
			sourceTree = "<group>";
		};
		D95E27AD292428DF0055A627 /* Utilities */ = {
			isa = PBXGroup;
			children = (
				D95E284E2924ED250055A627 /* Protocols */,
				D95E27FD2924E63D0055A627 /* Managers */,
				D95E27F629242FE70055A627 /* BaseElements */,
				D95E27F329242CA00055A627 /* Constants */,
				D95E27BA29242C380055A627 /* Extensions */,
				D95E27AE292428F10055A627 /* Localization */,
			);
			path = Utilities;
			sourceTree = "<group>";
		};
		D95E27AE292428F10055A627 /* Localization */ = {
			isa = PBXGroup;
			children = (
				D95E27AF292428F10055A627 /* Localizable.strings */,
				D95E27B1292428F10055A627 /* KeysForTranslate.swift */,
				D95E27B4292428F10055A627 /* Localizable.swift */,
			);
			path = Localization;
			sourceTree = "<group>";
		};
		D95E27BA29242C380055A627 /* Extensions */ = {
			isa = PBXGroup;
			children = (
				D944BBA32926549100B11EFC /* UIView+Extension.swift */,
				D95E28912925A3450055A627 /* UIImageView+Extension.swift */,
				D95E288929258E960055A627 /* UIViewController+Extension.swift */,
				D95E28672924EDC50055A627 /* UINavigationController+Extension.swift */,
				D95E27C829242C380055A627 /* String+Extension.swift */,
				D95E288729258E6F0055A627 /* Reactive+Extension.swift */,
				D95E288F292594D10055A627 /* UITableViewCell+Extension.swift */,
			);
			path = Extensions;
			sourceTree = "<group>";
		};
		D95E27F329242CA00055A627 /* Constants */ = {
			isa = PBXGroup;
			children = (
				D95E27F429242CA00055A627 /* Constants.swift */,
			);
			path = Constants;
			sourceTree = "<group>";
		};
		D95E27F629242FE70055A627 /* BaseElements */ = {
			isa = PBXGroup;
			children = (
				D95E27F729242FE70055A627 /* BaseViewController.swift */,
			);
			path = BaseElements;
			sourceTree = "<group>";
		};
		D95E27FD2924E63D0055A627 /* Managers */ = {
			isa = PBXGroup;
			children = (
				D95E283C2924E8E00055A627 /* Store */,
				D95E28032924E63D0055A627 /* Network */,
				D95E28152924E63D0055A627 /* Navigation */,
			);
			path = Managers;
			sourceTree = "<group>";
		};
		D95E28032924E63D0055A627 /* Network */ = {
			isa = PBXGroup;
			children = (
				D95E28042924E63D0055A627 /* NetworkManager.swift */,
				D95E28412924EB810055A627 /* Encoding */,
				D95E280C2924E63D0055A627 /* API */,
				D95E280F2924E63D0055A627 /* Service */,
			);
			path = Network;
			sourceTree = "<group>";
		};
		D95E280C2924E63D0055A627 /* API */ = {
			isa = PBXGroup;
			children = (
				D95E280D2924E63D0055A627 /* APIError.swift */,
				D95E280E2924E63D0055A627 /* Api.swift */,
			);
			path = API;
			sourceTree = "<group>";
		};
		D95E280F2924E63D0055A627 /* Service */ = {
			isa = PBXGroup;
			children = (
				D95E28102924E63D0055A627 /* NetworkRouter.swift */,
				D95E28112924E63D0055A627 /* HTTPTask.swift */,
				D95E28122924E63D0055A627 /* HTTPMethod.swift */,
				D95E28132924E63D0055A627 /* EndPointType.swift */,
			);
			path = Service;
			sourceTree = "<group>";
		};
		D95E28152924E63D0055A627 /* Navigation */ = {
			isa = PBXGroup;
			children = (
				D95E28172924E63D0055A627 /* AppNavigationRouter.swift */,
				D95E28182924E63D0055A627 /* NavigationManager.swift */,
				D95E28192924E63D0055A627 /* PushTransition.swift */,
			);
			path = Navigation;
			sourceTree = "<group>";
		};
		D95E283C2924E8E00055A627 /* Store */ = {
			isa = PBXGroup;
			children = (
				D95E283E2924E8E00055A627 /* StoreManager.swift */,
			);
			path = Store;
			sourceTree = "<group>";
		};
		D95E28412924EB810055A627 /* Encoding */ = {
			isa = PBXGroup;
			children = (
				D95E28422924EB810055A627 /* ParameterEncoding.swift */,
				D95E28442924EB810055A627 /* URLParameterEncoding.swift */,
				D95E28472924EB810055A627 /* JSONParameterEncoder.swift */,
			);
			path = Encoding;
			sourceTree = "<group>";
		};
		D95E284E2924ED250055A627 /* Protocols */ = {
			isa = PBXGroup;
			children = (
				D95E28652924ED6B0055A627 /* Closable.swift */,
				D95E28552924ED250055A627 /* Animator.swift */,
				D95E28592924ED250055A627 /* Transition.swift */,
				D95E288529251B140055A627 /* Downloading.swift */,
			);
			path = Protocols;
			sourceTree = "<group>";
		};
		D95E286B292517210055A627 /* UserPosts */ = {
			isa = PBXGroup;
			children = (
				D95E286E292517510055A627 /* Model */,
				D95E286D2925174D0055A627 /* View */,
				D95E286C292517440055A627 /* ViewModel */,
				D95E2877292518C20055A627 /* Module */,
				D95E2878292518CE0055A627 /* Router */,
			);
			path = UserPosts;
			sourceTree = "<group>";
		};
		D95E286C292517440055A627 /* ViewModel */ = {
			isa = PBXGroup;
			children = (
				D95E28812925199D0055A627 /* UserPostsViewModel.swift */,
			);
			path = ViewModel;
			sourceTree = "<group>";
		};
		D95E286D2925174D0055A627 /* View */ = {
			isa = PBXGroup;
			children = (
				D95E287D292519820055A627 /* UserPostsViewController.swift */,
				D95E287E292519820055A627 /* UserPostsViewController.xib */,
			);
			path = View;
			sourceTree = "<group>";
		};
		D95E286E292517510055A627 /* Model */ = {
			isa = PBXGroup;
			children = (
				D95E286F292517620055A627 /* Post.swift */,
			);
			path = Model;
			sourceTree = "<group>";
		};
		D95E2871292518040055A627 /* Module */ = {
			isa = PBXGroup;
			children = (
				D95E2873292518390055A627 /* UsersListModule.swift */,
			);
			path = Module;
			sourceTree = "<group>";
		};
		D95E28722925180C0055A627 /* Router */ = {
			isa = PBXGroup;
			children = (
				D95E2875292518420055A627 /* UsersListRouter.swift */,
			);
			path = Router;
			sourceTree = "<group>";
		};
		D95E2877292518C20055A627 /* Module */ = {
			isa = PBXGroup;
			children = (
				D95E2879292518E10055A627 /* UserPostsModule.swift */,
			);
			path = Module;
			sourceTree = "<group>";
		};
		D95E2878292518CE0055A627 /* Router */ = {
			isa = PBXGroup;
			children = (
				D95E287B292519080055A627 /* UserPostsRouter.swift */,
			);
			path = Router;
			sourceTree = "<group>";
		};
/* End PBXGroup section */

/* Begin PBXNativeTarget section */
		D95E2787292418050055A627 /* Sharmin */ = {
			isa = PBXNativeTarget;
			buildConfigurationList = D95E279C292418060055A627 /* Build configuration list for PBXNativeTarget "Sharmin" */;
			buildPhases = (
				092519FA1FCAD654340E784B /* [CP] Check Pods Manifest.lock */,
				D95E2784292418050055A627 /* Sources */,
				D95E2785292418050055A627 /* Frameworks */,
				D95E2786292418050055A627 /* Resources */,
				5824839C8FD5960EA54086DC /* [CP] Embed Pods Frameworks */,
			);
			buildRules = (
			);
			dependencies = (
			);
			name = Sharmin;
			productName = Sharmin;
			productReference = D95E2788292418050055A627 /* Sharmin.app */;
			productType = "com.apple.product-type.application";
		};
/* End PBXNativeTarget section */

/* Begin PBXProject section */
		D95E2780292418050055A627 /* Project object */ = {
			isa = PBXProject;
			attributes = {
				BuildIndependentTargetsInParallel = 1;
				LastSwiftUpdateCheck = 1410;
				LastUpgradeCheck = 1410;
				TargetAttributes = {
					D95E2787292418050055A627 = {
						CreatedOnToolsVersion = 14.1;
					};
				};
			};
			buildConfigurationList = D95E2783292418050055A627 /* Build configuration list for PBXProject "Sharmin" */;
			compatibilityVersion = "Xcode 14.0";
			developmentRegion = en;
			hasScannedForEncodings = 0;
			knownRegions = (
				en,
				Base,
				ar,
			);
			mainGroup = D95E277F292418050055A627;
			productRefGroup = D95E2789292418050055A627 /* Products */;
			projectDirPath = "";
			projectRoot = "";
			targets = (
				D95E2787292418050055A627 /* Sharmin */,
			);
		};
/* End PBXProject section */

/* Begin PBXResourcesBuildPhase section */
		D95E2786292418050055A627 /* Resources */ = {
			isa = PBXResourcesBuildPhase;
			buildActionMask = 2147483647;
			files = (
				D95E27AA292424780055A627 /* UsersListViewController.xib in Resources */,
				D95E2880292519820055A627 /* UserPostsViewController.xib in Resources */,
				D95E288D2925919D0055A627 /* UsersListCell.xib in Resources */,
				D95E27B5292428F20055A627 /* Localizable.strings in Resources */,
				D95E2798292418060055A627 /* LaunchScreen.storyboard in Resources */,
				D95E2795292418060055A627 /* Assets.xcassets in Resources */,
			);
			runOnlyForDeploymentPostprocessing = 0;
		};
/* End PBXResourcesBuildPhase section */

/* Begin PBXShellScriptBuildPhase section */
		092519FA1FCAD654340E784B /* [CP] Check Pods Manifest.lock */ = {
			isa = PBXShellScriptBuildPhase;
			buildActionMask = 2147483647;
			files = (
			);
			inputFileListPaths = (
			);
			inputPaths = (
				"${PODS_PODFILE_DIR_PATH}/Podfile.lock",
				"${PODS_ROOT}/Manifest.lock",
			);
			name = "[CP] Check Pods Manifest.lock";
			outputFileListPaths = (
			);
			outputPaths = (
				"$(DERIVED_FILE_DIR)/Pods-Sharmin-checkManifestLockResult.txt",
			);
			runOnlyForDeploymentPostprocessing = 0;
			shellPath = /bin/sh;
			shellScript = "diff \"${PODS_PODFILE_DIR_PATH}/Podfile.lock\" \"${PODS_ROOT}/Manifest.lock\" > /dev/null\nif [ $? != 0 ] ; then\n    # print error to STDERR\n    echo \"error: The sandbox is not in sync with the Podfile.lock. Run 'pod install' or update your CocoaPods installation.\" >&2\n    exit 1\nfi\n# This output is used by Xcode 'outputs' to avoid re-running this script phase.\necho \"SUCCESS\" > \"${SCRIPT_OUTPUT_FILE_0}\"\n";
			showEnvVarsInLog = 0;
		};
		5824839C8FD5960EA54086DC /* [CP] Embed Pods Frameworks */ = {
			isa = PBXShellScriptBuildPhase;
			buildActionMask = 2147483647;
			files = (
			);
			inputFileListPaths = (
				"${PODS_ROOT}/Target Support Files/Pods-Sharmin/Pods-Sharmin-frameworks-${CONFIGURATION}-input-files.xcfilelist",
			);
			name = "[CP] Embed Pods Frameworks";
			outputFileListPaths = (
				"${PODS_ROOT}/Target Support Files/Pods-Sharmin/Pods-Sharmin-frameworks-${CONFIGURATION}-output-files.xcfilelist",
			);
			runOnlyForDeploymentPostprocessing = 0;
			shellPath = /bin/sh;
			shellScript = "\"${PODS_ROOT}/Target Support Files/Pods-Sharmin/Pods-Sharmin-frameworks.sh\"\n";
			showEnvVarsInLog = 0;
		};
/* End PBXShellScriptBuildPhase section */

/* Begin PBXSourcesBuildPhase section */
		D95E2784292418050055A627 /* Sources */ = {
			isa = PBXSourcesBuildPhase;
			buildActionMask = 2147483647;
			files = (
				D95E287A292518E10055A627 /* UserPostsModule.swift in Sources */,
				D95E2874292518390055A627 /* UsersListModule.swift in Sources */,
				D95E286A292516920055A627 /* User.swift in Sources */,
				D95E282F2924E63E0055A627 /* HTTPTask.swift in Sources */,
				D95E27B6292428F20055A627 /* KeysForTranslate.swift in Sources */,
				D95E287F292519820055A627 /* UserPostsViewController.swift in Sources */,
				D95E287C292519080055A627 /* UserPostsRouter.swift in Sources */,
				D95E27AC292424840055A627 /* UsersListViewController.swift in Sources */,
				D95E28252924E63E0055A627 /* NetworkManager.swift in Sources */,
				D95E27E429242C380055A627 /* String+Extension.swift in Sources */,
				D95E28922925A3450055A627 /* UIImageView+Extension.swift in Sources */,
				D95E27B7292428F20055A627 /* Localizable.swift in Sources */,
				D944BBA42926549100B11EFC /* UIView+Extension.swift in Sources */,
				D95E282D2924E63E0055A627 /* Api.swift in Sources */,
				D95E28682924EDC50055A627 /* UINavigationController+Extension.swift in Sources */,
				D95E288429251A9D0055A627 /* UsersListViewModel.swift in Sources */,
				D95E284D2924EB810055A627 /* JSONParameterEncoder.swift in Sources */,
				D95E28302924E63E0055A627 /* HTTPMethod.swift in Sources */,
				D95E2890292594D10055A627 /* UITableViewCell+Extension.swift in Sources */,
				D95E278C292418050055A627 /* AppDelegate.swift in Sources */,
				D95E28602924ED250055A627 /* Animator.swift in Sources */,
				D95E27FA29242FE70055A627 /* BaseViewController.swift in Sources */,
				D95E28402924E8E00055A627 /* StoreManager.swift in Sources */,
				D95E28822925199D0055A627 /* UserPostsViewModel.swift in Sources */,
				D95E28352924E63E0055A627 /* NavigationManager.swift in Sources */,
				D95E288A29258E960055A627 /* UIViewController+Extension.swift in Sources */,
				D95E288829258E6F0055A627 /* Reactive+Extension.swift in Sources */,
				D95E28662924ED6B0055A627 /* Closable.swift in Sources */,
				D95E284A2924EB810055A627 /* URLParameterEncoding.swift in Sources */,
				D95E288E2925919D0055A627 /* UsersListCell.swift in Sources */,
				D95E2876292518420055A627 /* UsersListRouter.swift in Sources */,
				D95E28362924E63E0055A627 /* PushTransition.swift in Sources */,
				D95E288629251B140055A627 /* Downloading.swift in Sources */,
				D95E282E2924E63E0055A627 /* NetworkRouter.swift in Sources */,
				D95E28482924EB810055A627 /* ParameterEncoding.swift in Sources */,
				D95E28642924ED250055A627 /* Transition.swift in Sources */,
				D95E27F529242CA00055A627 /* Constants.swift in Sources */,
				D95E28312924E63E0055A627 /* EndPointType.swift in Sources */,
				D95E2870292517620055A627 /* Post.swift in Sources */,
				D95E28342924E63E0055A627 /* AppNavigationRouter.swift in Sources */,
				D95E282C2924E63E0055A627 /* APIError.swift in Sources */,
			);
			runOnlyForDeploymentPostprocessing = 0;
		};
/* End PBXSourcesBuildPhase section */

/* Begin PBXVariantGroup section */
		D95E2796292418060055A627 /* LaunchScreen.storyboard */ = {
			isa = PBXVariantGroup;
			children = (
				D95E2797292418060055A627 /* Base */,
				D95E27B8292429700055A627 /* ar */,
			);
			name = LaunchScreen.storyboard;
			sourceTree = "<group>";
		};
		D95E27AF292428F10055A627 /* Localizable.strings */ = {
			isa = PBXVariantGroup;
			children = (
				D95E27B0292428F10055A627 /* en */,
				D95E27B9292429700055A627 /* ar */,
			);
			name = Localizable.strings;
			sourceTree = "<group>";
		};
/* End PBXVariantGroup section */

/* Begin XCBuildConfiguration section */
		D95E279A292418060055A627 /* Debug */ = {
			isa = XCBuildConfiguration;
			buildSettings = {
				ALWAYS_SEARCH_USER_PATHS = NO;
				CLANG_ANALYZER_LOCALIZABILITY_NONLOCALIZED = YES;
				CLANG_ANALYZER_NONNULL = YES;
				CLANG_ANALYZER_NUMBER_OBJECT_CONVERSION = YES_AGGRESSIVE;
				CLANG_CXX_LANGUAGE_STANDARD = "gnu++20";
				CLANG_ENABLE_MODULES = YES;
				CLANG_ENABLE_OBJC_ARC = YES;
				CLANG_ENABLE_OBJC_WEAK = YES;
				CLANG_WARN_BLOCK_CAPTURE_AUTORELEASING = YES;
				CLANG_WARN_BOOL_CONVERSION = YES;
				CLANG_WARN_COMMA = YES;
				CLANG_WARN_CONSTANT_CONVERSION = YES;
				CLANG_WARN_DEPRECATED_OBJC_IMPLEMENTATIONS = YES;
				CLANG_WARN_DIRECT_OBJC_ISA_USAGE = YES_ERROR;
				CLANG_WARN_DOCUMENTATION_COMMENTS = YES;
				CLANG_WARN_EMPTY_BODY = YES;
				CLANG_WARN_ENUM_CONVERSION = YES;
				CLANG_WARN_INFINITE_RECURSION = YES;
				CLANG_WARN_INT_CONVERSION = YES;
				CLANG_WARN_NON_LITERAL_NULL_CONVERSION = YES;
				CLANG_WARN_OBJC_IMPLICIT_RETAIN_SELF = YES;
				CLANG_WARN_OBJC_LITERAL_CONVERSION = YES;
				CLANG_WARN_OBJC_ROOT_CLASS = YES_ERROR;
				CLANG_WARN_QUOTED_INCLUDE_IN_FRAMEWORK_HEADER = YES;
				CLANG_WARN_RANGE_LOOP_ANALYSIS = YES;
				CLANG_WARN_STRICT_PROTOTYPES = YES;
				CLANG_WARN_SUSPICIOUS_MOVE = YES;
				CLANG_WARN_UNGUARDED_AVAILABILITY = YES_AGGRESSIVE;
				CLANG_WARN_UNREACHABLE_CODE = YES;
				CLANG_WARN__DUPLICATE_METHOD_MATCH = YES;
				COPY_PHASE_STRIP = NO;
				DEBUG_INFORMATION_FORMAT = dwarf;
				ENABLE_STRICT_OBJC_MSGSEND = YES;
				ENABLE_TESTABILITY = YES;
				GCC_C_LANGUAGE_STANDARD = gnu11;
				GCC_DYNAMIC_NO_PIC = NO;
				GCC_NO_COMMON_BLOCKS = YES;
				GCC_OPTIMIZATION_LEVEL = 0;
				GCC_PREPROCESSOR_DEFINITIONS = (
					"DEBUG=1",
					"$(inherited)",
				);
				GCC_WARN_64_TO_32_BIT_CONVERSION = YES;
				GCC_WARN_ABOUT_RETURN_TYPE = YES_ERROR;
				GCC_WARN_UNDECLARED_SELECTOR = YES;
				GCC_WARN_UNINITIALIZED_AUTOS = YES_AGGRESSIVE;
				GCC_WARN_UNUSED_FUNCTION = YES;
				GCC_WARN_UNUSED_VARIABLE = YES;
				IPHONEOS_DEPLOYMENT_TARGET = 15.0;
				MTL_ENABLE_DEBUG_INFO = INCLUDE_SOURCE;
				MTL_FAST_MATH = YES;
				ONLY_ACTIVE_ARCH = YES;
				SDKROOT = iphoneos;
				SWIFT_ACTIVE_COMPILATION_CONDITIONS = DEBUG;
				SWIFT_OPTIMIZATION_LEVEL = "-Onone";
			};
			name = Debug;
		};
		D95E279B292418060055A627 /* Release */ = {
			isa = XCBuildConfiguration;
			buildSettings = {
				ALWAYS_SEARCH_USER_PATHS = NO;
				CLANG_ANALYZER_LOCALIZABILITY_NONLOCALIZED = YES;
				CLANG_ANALYZER_NONNULL = YES;
				CLANG_ANALYZER_NUMBER_OBJECT_CONVERSION = YES_AGGRESSIVE;
				CLANG_CXX_LANGUAGE_STANDARD = "gnu++20";
				CLANG_ENABLE_MODULES = YES;
				CLANG_ENABLE_OBJC_ARC = YES;
				CLANG_ENABLE_OBJC_WEAK = YES;
				CLANG_WARN_BLOCK_CAPTURE_AUTORELEASING = YES;
				CLANG_WARN_BOOL_CONVERSION = YES;
				CLANG_WARN_COMMA = YES;
				CLANG_WARN_CONSTANT_CONVERSION = YES;
				CLANG_WARN_DEPRECATED_OBJC_IMPLEMENTATIONS = YES;
				CLANG_WARN_DIRECT_OBJC_ISA_USAGE = YES_ERROR;
				CLANG_WARN_DOCUMENTATION_COMMENTS = YES;
				CLANG_WARN_EMPTY_BODY = YES;
				CLANG_WARN_ENUM_CONVERSION = YES;
				CLANG_WARN_INFINITE_RECURSION = YES;
				CLANG_WARN_INT_CONVERSION = YES;
				CLANG_WARN_NON_LITERAL_NULL_CONVERSION = YES;
				CLANG_WARN_OBJC_IMPLICIT_RETAIN_SELF = YES;
				CLANG_WARN_OBJC_LITERAL_CONVERSION = YES;
				CLANG_WARN_OBJC_ROOT_CLASS = YES_ERROR;
				CLANG_WARN_QUOTED_INCLUDE_IN_FRAMEWORK_HEADER = YES;
				CLANG_WARN_RANGE_LOOP_ANALYSIS = YES;
				CLANG_WARN_STRICT_PROTOTYPES = YES;
				CLANG_WARN_SUSPICIOUS_MOVE = YES;
				CLANG_WARN_UNGUARDED_AVAILABILITY = YES_AGGRESSIVE;
				CLANG_WARN_UNREACHABLE_CODE = YES;
				CLANG_WARN__DUPLICATE_METHOD_MATCH = YES;
				COPY_PHASE_STRIP = NO;
				DEBUG_INFORMATION_FORMAT = "dwarf-with-dsym";
				ENABLE_NS_ASSERTIONS = NO;
				ENABLE_STRICT_OBJC_MSGSEND = YES;
				GCC_C_LANGUAGE_STANDARD = gnu11;
				GCC_NO_COMMON_BLOCKS = YES;
				GCC_WARN_64_TO_32_BIT_CONVERSION = YES;
				GCC_WARN_ABOUT_RETURN_TYPE = YES_ERROR;
				GCC_WARN_UNDECLARED_SELECTOR = YES;
				GCC_WARN_UNINITIALIZED_AUTOS = YES_AGGRESSIVE;
				GCC_WARN_UNUSED_FUNCTION = YES;
				GCC_WARN_UNUSED_VARIABLE = YES;
				IPHONEOS_DEPLOYMENT_TARGET = 15.0;
				MTL_ENABLE_DEBUG_INFO = NO;
				MTL_FAST_MATH = YES;
				SDKROOT = iphoneos;
				SWIFT_COMPILATION_MODE = wholemodule;
				SWIFT_OPTIMIZATION_LEVEL = "-O";
				VALIDATE_PRODUCT = YES;
			};
			name = Release;
		};
		D95E279D292418060055A627 /* Debug */ = {
			isa = XCBuildConfiguration;
			baseConfigurationReference = D7FD2FC76F3F316DF2DBDC71 /* Pods-Sharmin.debug.xcconfig */;
			buildSettings = {
				ASSETCATALOG_COMPILER_APPICON_NAME = AppIcon;
				ASSETCATALOG_COMPILER_GLOBAL_ACCENT_COLOR_NAME = AccentColor;
				BASE_URL = "https://my-json-server.typicode.com/SharminSirajudeen/test_resources/";
				CODE_SIGN_STYLE = Automatic;
				CURRENT_PROJECT_VERSION = 1;
				DEVELOPMENT_TEAM = BQUS6N5XQC;
				GENERATE_INFOPLIST_FILE = YES;
				INFOPLIST_FILE = Sharmin/SupportingFiles/Info.plist;
				INFOPLIST_KEY_UIApplicationSupportsIndirectInputEvents = YES;
				INFOPLIST_KEY_UILaunchStoryboardName = LaunchScreen;
				INFOPLIST_KEY_UISupportedInterfaceOrientations_iPad = "UIInterfaceOrientationPortrait UIInterfaceOrientationPortraitUpsideDown UIInterfaceOrientationLandscapeLeft UIInterfaceOrientationLandscapeRight";
				INFOPLIST_KEY_UISupportedInterfaceOrientations_iPhone = "UIInterfaceOrientationPortrait UIInterfaceOrientationLandscapeLeft UIInterfaceOrientationLandscapeRight";
				IPHONEOS_DEPLOYMENT_TARGET = 15.0;
				LD_RUNPATH_SEARCH_PATHS = (
					"$(inherited)",
					"@executable_path/Frameworks",
				);
				MARKETING_VERSION = 1.0;
				PRODUCT_BUNDLE_IDENTIFIER = com.citrusdev.Sharmin;
				PRODUCT_NAME = "$(TARGET_NAME)";
				SWIFT_EMIT_LOC_STRINGS = YES;
				SWIFT_VERSION = 5.0;
				TARGETED_DEVICE_FAMILY = "1,2";
			};
			name = Debug;
		};
		D95E279E292418060055A627 /* Release */ = {
			isa = XCBuildConfiguration;
			baseConfigurationReference = 6EEC331BE56C675B28086F0F /* Pods-Sharmin.release.xcconfig */;
			buildSettings = {
				ASSETCATALOG_COMPILER_APPICON_NAME = AppIcon;
				ASSETCATALOG_COMPILER_GLOBAL_ACCENT_COLOR_NAME = AccentColor;
				BASE_URL = "https://my-json-server.typicode.com/SharminSirajudeen/test_resources/";
				CODE_SIGN_STYLE = Automatic;
				CURRENT_PROJECT_VERSION = 1;
				DEVELOPMENT_TEAM = BQUS6N5XQC;
				GENERATE_INFOPLIST_FILE = YES;
				INFOPLIST_FILE = Sharmin/SupportingFiles/Info.plist;
				INFOPLIST_KEY_UIApplicationSupportsIndirectInputEvents = YES;
				INFOPLIST_KEY_UILaunchStoryboardName = LaunchScreen;
				INFOPLIST_KEY_UISupportedInterfaceOrientations_iPad = "UIInterfaceOrientationPortrait UIInterfaceOrientationPortraitUpsideDown UIInterfaceOrientationLandscapeLeft UIInterfaceOrientationLandscapeRight";
				INFOPLIST_KEY_UISupportedInterfaceOrientations_iPhone = "UIInterfaceOrientationPortrait UIInterfaceOrientationLandscapeLeft UIInterfaceOrientationLandscapeRight";
				IPHONEOS_DEPLOYMENT_TARGET = 15.0;
				LD_RUNPATH_SEARCH_PATHS = (
					"$(inherited)",
					"@executable_path/Frameworks",
				);
				MARKETING_VERSION = 1.0;
				PRODUCT_BUNDLE_IDENTIFIER = com.citrusdev.Sharmin;
				PRODUCT_NAME = "$(TARGET_NAME)";
				SWIFT_EMIT_LOC_STRINGS = YES;
				SWIFT_VERSION = 5.0;
				TARGETED_DEVICE_FAMILY = "1,2";
			};
			name = Release;
		};
/* End XCBuildConfiguration section */

/* Begin XCConfigurationList section */
		D95E2783292418050055A627 /* Build configuration list for PBXProject "Sharmin" */ = {
			isa = XCConfigurationList;
			buildConfigurations = (
				D95E279A292418060055A627 /* Debug */,
				D95E279B292418060055A627 /* Release */,
			);
			defaultConfigurationIsVisible = 0;
			defaultConfigurationName = Release;
		};
		D95E279C292418060055A627 /* Build configuration list for PBXNativeTarget "Sharmin" */ = {
			isa = XCConfigurationList;
			buildConfigurations = (
				D95E279D292418060055A627 /* Debug */,
				D95E279E292418060055A627 /* Release */,
			);
			defaultConfigurationIsVisible = 0;
			defaultConfigurationName = Release;
		};
/* End XCConfigurationList section */
	};
	rootObject = D95E2780292418050055A627 /* Project object */;
}
